
Microsoft Visual Studio Solution File, Format Version 12.00
# Visual Studio Version 17
VisualStudioVersion = 17.13.35931.197 d17.13
MinimumVisualStudioVersion = 10.0.40219.1
Project("{FAE04EC0-301F-11D3-BF4B-00C04F79EFBC}") = "Vulnerabilty_Project", "Vulnerabilty_Project.csproj", "{367BDC1A-FB7B-4426-8745-BAF71A5785A1}"
EndProject
Global
	GlobalSection(SolutionConfigurationPlatforms) = preSolution
		Debug|Any CPU = Debug|Any CPU
		Release|Any CPU = Release|Any CPU
	EndGlobalSection
	GlobalSection(ProjectConfigurationPlatforms) = postSolution
		{367BDC1A-FB7B-4426-8745-BAF71A5785A1}.Debug|Any CPU.ActiveCfg = Debug|Any CPU
		{367BDC1A-FB7B-4426-8745-BAF71A5785A1}.Debug|Any CPU.Build.0 = Debug|Any CPU
		{367BDC1A-FB7B-4426-8745-BAF71A5785A1}.Release|Any CPU.ActiveCfg = Release|Any CPU
		{367BDC1A-FB7B-4426-8745-BAF71A5785A1}.Release|Any CPU.Build.0 = Release|Any CPU
	EndGlobalSection
	GlobalSection(SolutionProperties) = preSolution
		HideSolutionNode = FALSE
	EndGlobalSection
	GlobalSection(ExtensibilityGlobals) = postSolution
		SolutionGuid = {EFD97A71-2837-45EC-A99C-0FA997BF874C}
	EndGlobalSection
EndGlobal
